
Microsoft Visual Studio Solution File, Format Version 12.00
# Visual Studio Version 17
VisualStudioVersion = 17.2.32602.215
MinimumVisualStudioVersion = 10.0.40219.1
Project("{FAE04EC0-301F-11D3-BF4B-00C04F79EFBC}") = "Client", "Client\Client.csproj", "{19612131-7921-40FB-ABC8-09DD7AF05F2A}"
EndProject
Project("{FAE04EC0-301F-11D3-BF4B-00C04F79EFBC}") = "Tests", "Tests\Tests.csproj", "{EEFDD6DE-585B-4E25-B4D2-3602EAA8FCD0}"
EndProject
Global
	GlobalSection(SolutionConfigurationPlatforms) = preSolution
		Debug|Any CPU = Debug|Any CPU
		Release|Any CPU = Release|Any CPU
	EndGlobalSection
	GlobalSection(ProjectConfigurationPlatforms) = postSolution
		{19612131-7921-40FB-ABC8-09DD7AF05F2A}.Debug|Any CPU.ActiveCfg = Debug|Any CPU
		{19612131-7921-40FB-ABC8-09DD7AF05F2A}.Debug|Any CPU.Build.0 = Debug|Any CPU
		{19612131-7921-40FB-ABC8-09DD7AF05F2A}.Release|Any CPU.ActiveCfg = Release|Any CPU
		{19612131-7921-40FB-ABC8-09DD7AF05F2A}.Release|Any CPU.Build.0 = Release|Any CPU
		{EEFDD6DE-585B-4E25-B4D2-3602EAA8FCD0}.Debug|Any CPU.ActiveCfg = Debug|Any CPU
		{EEFDD6DE-585B-4E25-B4D2-3602EAA8FCD0}.Debug|Any CPU.Build.0 = Debug|Any CPU
		{EEFDD6DE-585B-4E25-B4D2-3602EAA8FCD0}.Release|Any CPU.ActiveCfg = Release|Any CPU
		{EEFDD6DE-585B-4E25-B4D2-3602EAA8FCD0}.Release|Any CPU.Build.0 = Release|Any CPU
	EndGlobalSection
	GlobalSection(SolutionProperties) = preSolution
		HideSolutionNode = FALSE
	EndGlobalSection
	GlobalSection(ExtensibilityGlobals) = postSolution
		SolutionGuid = {4746E9FC-C36E-4B54-8845-3586494B1093}
	EndGlobalSection
EndGlobal
